{
    "name": "matter-app",
    "version": "0.1.0",
    "lockfileVersion": 3,
    "requires": true,
    "packages": {
        "": {
            "name": "matter-app",
            "version": "0.1.0",
            "dependencies": {
                "@matter/main": "~0.16.0-alpha.0-20250927-238ce7756"
            },
            "devDependencies": {
                "@types/node": "^24.4.0",
                "typescript": "~5.9.2"
            }
        },
        "node_modules/@matter/general": {
            "version": "0.16.0-alpha.0-20250927-238ce7756",
            "resolved": "https://registry.npmjs.org/@matter/general/-/general-0.16.0-alpha.0-20250927-238ce7756.tgz",
            "integrity": "sha512-b5XjfgULJLp4FFDOafrTxr8CY/a61DgWdTLNG93CreOh6Vffcop+MkC3JFvKJLZpggPJChZNaQ7Z/nfWvuYrBw==",
            "license": "Apache-2.0",
            "dependencies": {
                "@noble/curves": "^2.0.0"
            }
        },
        "node_modules/@matter/main": {
            "version": "0.16.0-alpha.0-20250927-238ce7756",
            "resolved": "https://registry.npmjs.org/@matter/main/-/main-0.16.0-alpha.0-20250927-238ce7756.tgz",
            "integrity": "sha512-sGvcCmCHixxcZvr0ycxKHiW2C+lKfflnPz8ilQGsMHFLMAtmWZKUVpQVVK9dC7Bjz09YJktpE8w9P6wd9KxOLA==",
            "license": "Apache-2.0",
            "dependencies": {
                "@matter/general": "0.16.0-alpha.0-20250927-238ce7756",
                "@matter/model": "0.16.0-alpha.0-20250927-238ce7756",
                "@matter/node": "0.16.0-alpha.0-20250927-238ce7756",
                "@matter/protocol": "0.16.0-alpha.0-20250927-238ce7756",
                "@matter/types": "0.16.0-alpha.0-20250927-238ce7756"
            },
            "optionalDependencies": {
                "@matter/nodejs": "0.16.0-alpha.0-20250927-238ce7756"
            }
        },
        "node_modules/@matter/model": {
            "version": "0.16.0-alpha.0-20250927-238ce7756",
            "resolved": "https://registry.npmjs.org/@matter/model/-/model-0.16.0-alpha.0-20250927-238ce7756.tgz",
            "integrity": "sha512-t9ifaj1g9YG0J/31B/RuGMqezJW2mTL6rjRxqT5ZlcA0raLP52yuDd8GiOTtUZpj4LtFaIrtEonxT7Mhp2u2zw==",
            "license": "Apache-2.0",
            "dependencies": {
                "@matter/general": "0.16.0-alpha.0-20250927-238ce7756"
            }
        },
        "node_modules/@matter/node": {
            "version": "0.16.0-alpha.0-20250927-238ce7756",
            "resolved": "https://registry.npmjs.org/@matter/node/-/node-0.16.0-alpha.0-20250927-238ce7756.tgz",
            "integrity": "sha512-nIbTcbktH+RspUGI2jj1h0vWX+lxm/8Ej76n3R2/f64TwM3CzMjblvlSEhsn2CIbOgWvY7cb+t0we71SKU23Ew==",
            "license": "Apache-2.0",
            "dependencies": {
                "@matter/general": "0.16.0-alpha.0-20250927-238ce7756",
                "@matter/model": "0.16.0-alpha.0-20250927-238ce7756",
                "@matter/protocol": "0.16.0-alpha.0-20250927-238ce7756",
                "@matter/types": "0.16.0-alpha.0-20250927-238ce7756"
            }
        },
        "node_modules/@matter/nodejs": {
            "version": "0.16.0-alpha.0-20250927-238ce7756",
            "resolved": "https://registry.npmjs.org/@matter/nodejs/-/nodejs-0.16.0-alpha.0-20250927-238ce7756.tgz",
            "integrity": "sha512-M+fOreHSXFvIRy+Az/Y0UytqpwbxoaC+kfhKM6lNoOQYigN1J0rmLkY8ZmGFEgivgJJ9TmuqRdcjMOajl7RTJg==",
            "license": "Apache-2.0",
            "optional": true,
            "dependencies": {
                "@matter/general": "0.16.0-alpha.0-20250927-238ce7756",
                "@matter/node": "0.16.0-alpha.0-20250927-238ce7756",
                "@matter/protocol": "0.16.0-alpha.0-20250927-238ce7756",
                "@matter/types": "0.16.0-alpha.0-20250927-238ce7756"
            },
            "engines": {
                "node": ">=20.19.0 <22.0.0 || >=22.13.0"
            }
        },
        "node_modules/@matter/protocol": {
            "version": "0.16.0-alpha.0-20250927-238ce7756",
            "resolved": "https://registry.npmjs.org/@matter/protocol/-/protocol-0.16.0-alpha.0-20250927-238ce7756.tgz",
            "integrity": "sha512-LDi9bBjpaYvjMOG9+0GUQXTZDxb6IdTwadCzXGNWJrICF2aEhL/oM5xMcYFARNN32W41nMGzwul2ZTE63xcznw==",
            "license": "Apache-2.0",
            "dependencies": {
                "@matter/general": "0.16.0-alpha.0-20250927-238ce7756",
                "@matter/model": "0.16.0-alpha.0-20250927-238ce7756",
                "@matter/types": "0.16.0-alpha.0-20250927-238ce7756"
            }
        },
        "node_modules/@matter/types": {
            "version": "0.16.0-alpha.0-20250927-238ce7756",
            "resolved": "https://registry.npmjs.org/@matter/types/-/types-0.16.0-alpha.0-20250927-238ce7756.tgz",
            "integrity": "sha512-YvjFht09fuWCpCKn0ndKjdvq9CIk6VWekzNhKCwdBqdERqDq9h+xaOyIrAFnq23/YPjmXOT1O5jCLm3vKj5oGg==",
            "license": "Apache-2.0",
            "dependencies": {
                "@matter/general": "0.16.0-alpha.0-20250927-238ce7756",
                "@matter/model": "0.16.0-alpha.0-20250927-238ce7756"
            }
        },
        "node_modules/@noble/curves": {
            "version": "2.0.1",
            "resolved": "https://registry.npmjs.org/@noble/curves/-/curves-2.0.1.tgz",
            "integrity": "sha512-vs1Az2OOTBiP4q0pwjW5aF0xp9n4MxVrmkFBxc6EKZc6ddYx5gaZiAsZoq0uRRXWbi3AT/sBqn05eRPtn1JCPw==",
            "license": "MIT",
            "dependencies": {
                "@noble/hashes": "2.0.1"
            },
            "engines": {
                "node": ">= 20.19.0"
            },
            "funding": {
                "url": "https://paulmillr.com/funding/"
            }
        },
        "node_modules/@noble/hashes": {
            "version": "2.0.1",
            "resolved": "https://registry.npmjs.org/@noble/hashes/-/hashes-2.0.1.tgz",
            "integrity": "sha512-XlOlEbQcE9fmuXxrVTXCTlG2nlRXa9Rj3rr5Ue/+tX+nmkgbX720YHh0VR3hBF9xDvwnb8D2shVGOwNx+ulArw==",
            "license": "MIT",
            "engines": {
                "node": ">= 20.19.0"
            },
            "funding": {
                "url": "https://paulmillr.com/funding/"
            }
        },
        "node_modules/@types/node": {
            "version": "24.6.0",
            "resolved": "https://registry.npmjs.org/@types/node/-/node-24.6.0.tgz",
            "integrity": "sha512-F1CBxgqwOMc4GKJ7eY22hWhBVQuMYTtqI8L0FcszYcpYX0fzfDGpez22Xau8Mgm7O9fI+zA/TYIdq3tGWfweBA==",
            "dev": true,
            "license": "MIT",
            "dependencies": {
                "undici-types": "~7.13.0"
            }
        },
        "node_modules/typescript": {
            "version": "5.9.2",
            "resolved": "https://registry.npmjs.org/typescript/-/typescript-5.9.2.tgz",
            "integrity": "sha512-CWBzXQrc/qOkhidw1OzBTQuYRbfyxDXJMVJ1XNwUHGROVmuaeiEm3OslpZ1RV96d7SKKjZKrSJu3+t/xlw3R9A==",
            "dev": true,
            "license": "Apache-2.0",
            "bin": {
                "tsc": "bin/tsc",
                "tsserver": "bin/tsserver"
            },
            "engines": {
                "node": ">=14.17"
            }
        },
        "node_modules/undici-types": {
            "version": "7.13.0",
            "resolved": "https://registry.npmjs.org/undici-types/-/undici-types-7.13.0.tgz",
            "integrity": "sha512-Ov2Rr9Sx+fRgagJ5AX0qvItZG/JKKoBRAVITs1zk7IqZGTJUwgUr7qoYBpWwakpWilTZFM98rG/AFRocu10iIQ==",
            "dev": true,
            "license": "MIT"
        }
    }
}
